# This file is automatically @generated by Cargo.
# It is not intended for manual editing.
version = 4

[[package]]
name = "gotham-rust-commons"
version = "0.0.0"

[[package]]
name = "mandates-library"
version = "0.0.0"
dependencies = [
 "gotham-rust-commons",
]

[[package]]
name = "mandates-service"
version = "0.0.0"
dependencies = [
 "mandates-library",
]
